
Microsoft Visual Studio Solution File, Format Version 12.00
# Visual Studio 14
VisualStudioVersion = 14.0.25420.1
MinimumVisualStudioVersion = 10.0.40219.1
Project("{8BC9CEB8-8B4A-11D0-8D11-00A0C91BC942}") = "PVEngine", "PVEngine\PVEngine.vcxproj", "{B5D7AA35-7B5A-4829-BA10-93B1DFC23522}"
EndProject
Project("{8BC9CEB8-8B4A-11D0-8D11-00A0C91BC942}") = "TesterGame", "TesterGame\TesterGame.vcxproj", "{FE9DA968-FC75-4F50-A3D9-9465615B1655}"
	ProjectSection(ProjectDependencies) = postProject
		{B5D7AA35-7B5A-4829-BA10-93B1DFC23522} = {B5D7AA35-7B5A-4829-BA10-93B1DFC23522}
	EndProjectSection
EndProject
Global
	GlobalSection(SolutionConfigurationPlatforms) = preSolution
		Debug|x64 = Debug|x64
		Debug|x86 = Debug|x86
		Release|x64 = Release|x64
		Release|x86 = Release|x86
	EndGlobalSection
	GlobalSection(ProjectConfigurationPlatforms) = postSolution
		{B5D7AA35-7B5A-4829-BA10-93B1DFC23522}.Debug|x64.ActiveCfg = Debug|x64
		{B5D7AA35-7B5A-4829-BA10-93B1DFC23522}.Debug|x64.Build.0 = Debug|x64
		{B5D7AA35-7B5A-4829-BA10-93B1DFC23522}.Debug|x86.ActiveCfg = Debug|Win32
		{B5D7AA35-7B5A-4829-BA10-93B1DFC23522}.Debug|x86.Build.0 = Debug|Win32
		{B5D7AA35-7B5A-4829-BA10-93B1DFC23522}.Release|x64.ActiveCfg = Release|x64
		{B5D7AA35-7B5A-4829-BA10-93B1DFC23522}.Release|x64.Build.0 = Release|x64
		{B5D7AA35-7B5A-4829-BA10-93B1DFC23522}.Release|x86.ActiveCfg = Release|Win32
		{B5D7AA35-7B5A-4829-BA10-93B1DFC23522}.Release|x86.Build.0 = Release|Win32
		{FE9DA968-FC75-4F50-A3D9-9465615B1655}.Debug|x64.ActiveCfg = Debug|x64
		{FE9DA968-FC75-4F50-A3D9-9465615B1655}.Debug|x64.Build.0 = Debug|x64
		{FE9DA968-FC75-4F50-A3D9-9465615B1655}.Debug|x86.ActiveCfg = Debug|Win32
		{FE9DA968-FC75-4F50-A3D9-9465615B1655}.Debug|x86.Build.0 = Debug|Win32
		{FE9DA968-FC75-4F50-A3D9-9465615B1655}.Release|x64.ActiveCfg = Release|x64
		{FE9DA968-FC75-4F50-A3D9-9465615B1655}.Release|x64.Build.0 = Release|x64
		{FE9DA968-FC75-4F50-A3D9-9465615B1655}.Release|x86.ActiveCfg = Release|Win32
		{FE9DA968-FC75-4F50-A3D9-9465615B1655}.Release|x86.Build.0 = Release|Win32
	EndGlobalSection
	GlobalSection(SolutionProperties) = preSolution
		HideSolutionNode = FALSE
	EndGlobalSection
EndGlobal
